PODS:
  - AFNetworking (3.2.1):
    - AFNetworking/NSURLSession (= 3.2.1)
    - AFNetworking/Reachability (= 3.2.1)
    - AFNetworking/Security (= 3.2.1)
    - AFNetworking/Serialization (= 3.2.1)
    - AFNetworking/UIKit (= 3.2.1)
  - AFNetworking/NSURLSession (3.2.1):
    - AFNetworking/Reachability
    - AFNetworking/Security
    - AFNetworking/Serialization
  - AFNetworking/Reachability (3.2.1)
  - AFNetworking/Security (3.2.1)
  - AFNetworking/Serialization (3.2.1)
  - AFNetworking/UIKit (3.2.1):
    - AFNetworking/NSURLSession
  - Alamofire (4.9.1)
  - CocoaLumberjack (3.6.1):
    - CocoaLumberjack/Core (= 3.6.1)
  - CocoaLumberjack/Core (3.6.1)
  - Kingfisher (4.10.1)
  - Masonry (1.1.0)
  - MBProgressHUD (1.2.0)
  - MJRefresh (3.5.0)
  - Realm (5.4.8):
    - Realm/Headers (= 5.4.8)
  - Realm/Headers (5.4.8)
  - SDWebImage (5.8.0):
    - SDWebImage/Core (= 5.8.0)
  - SDWebImage/Core (5.8.0)
  - SnapKit (4.2.0)
  - SVProgressHUD (2.2.5)
  - SwiftyJSON (5.0.0)

DEPENDENCIES:
  - AFNetworking (= 3.2.1)
  - Alamofire
  - CocoaLumberjack
  - Kingfisher
  - Masonry
  - MBProgressHUD
  - MJRefresh
  - Realm
  - SDWebImage
  - SnapKit
  - SVProgressHUD
  - SwiftyJSON

SPEC REPOS:
  trunk:
    - AFNetworking
    - Alamofire
    - CocoaLumberjack
    - Kingfisher
    - Masonry
    - MBProgressHUD
    - MJRefresh
    - Realm
    - SDWebImage
    - SnapKit
    - SVProgressHUD
    - SwiftyJSON

SPEC CHECKSUMS:
  AFNetworking: b6f891fdfaed196b46c7a83cf209e09697b94057
  Alamofire: 85e8a02c69d6020a0d734f6054870d7ecb75cf18
  CocoaLumberjack: b17ae15142558d08bbacf69775fa10c4abbebcc9
  Kingfisher: c148cd7b47ebde9989f6bc7c27dcaa79d81279a0
  Masonry: 678fab65091a9290e40e2832a55e7ab731aad201
  MBProgressHUD: 3ee5efcc380f6a79a7cc9b363dd669c5e1ae7406
  MJRefresh: 6afc955813966afb08305477dd7a0d9ad5e79a16
  Realm: 042bbb59227a0159eda397b8a5a49fbd67495ce7
  SDWebImage: 84000f962cbfa70c07f19d2234cbfcf5d779b5dc
  SnapKit: fe8a619752f3f27075cc9a90244d75c6c3f27e2a
  SVProgressHUD: 1428aafac632c1f86f62aa4243ec12008d7a51d6
  SwiftyJSON: 36413e04c44ee145039d332b4f4e2d3e8d6c4db7

PODFILE CHECKSUM: 6851cd392d123e13e41f1f2dfb88a02d1ecc0323

COCOAPODS: 1.9.3
